// !$*UTF8*$!
{
	archiveVersion = 1;
	classes = {
	};
	objectVersion = 46;
	objects = {

/* Begin PBXBuildFile section */
		2346E948198726CB008B17E3 /* AppDelegate.swift in Sources */ = {isa = PBXBuildFile; fileRef = 2346E947198726CB008B17E3 /* AppDelegate.swift */; };
		2346E94A198726CB008B17E3 /* ViewController.swift in Sources */ = {isa = PBXBuildFile; fileRef = 2346E949198726CB008B17E3 /* ViewController.swift */; };
		2346E94D198726CB008B17E3 /* Main.storyboard in Resources */ = {isa = PBXBuildFile; fileRef = 2346E94B198726CB008B17E3 /* Main.storyboard */; };
		2346E94F198726CB008B17E3 /* Images.xcassets in Resources */ = {isa = PBXBuildFile; fileRef = 2346E94E198726CB008B17E3 /* Images.xcassets */; };
		2346E9651987277F008B17E3 /* Guitar.swift in Sources */ = {isa = PBXBuildFile; fileRef = 2346E9641987277F008B17E3 /* Guitar.swift */; };
		2346E9661987277F008B17E3 /* Guitar.swift in Sources */ = {isa = PBXBuildFile; fileRef = 2346E9641987277F008B17E3 /* Guitar.swift */; };
		2346E9681987281D008B17E3 /* LesPaul.swift in Sources */ = {isa = PBXBuildFile; fileRef = 2346E9671987281D008B17E3 /* LesPaul.swift */; };
		2346E9691987281D008B17E3 /* LesPaul.swift in Sources */ = {isa = PBXBuildFile; fileRef = 2346E9671987281D008B17E3 /* LesPaul.swift */; };
		2346E96B1987285B008B17E3 /* Stratocaster.swift in Sources */ = {isa = PBXBuildFile; fileRef = 2346E96A1987285B008B17E3 /* Stratocaster.swift */; };
		2346E96C1987285B008B17E3 /* Stratocaster.swift in Sources */ = {isa = PBXBuildFile; fileRef = 2346E96A1987285B008B17E3 /* Stratocaster.swift */; };
		2346E96E19872901008B17E3 /* GuitarDecorator.swift in Sources */ = {isa = PBXBuildFile; fileRef = 2346E96D19872901008B17E3 /* GuitarDecorator.swift */; };
		2346E96F19872901008B17E3 /* GuitarDecorator.swift in Sources */ = {isa = PBXBuildFile; fileRef = 2346E96D19872901008B17E3 /* GuitarDecorator.swift */; };
		2346E97119872A3C008B17E3 /* Distortion.swift in Sources */ = {isa = PBXBuildFile; fileRef = 2346E97019872A3C008B17E3 /* Distortion.swift */; };
		2346E97219872A3C008B17E3 /* Distortion.swift in Sources */ = {isa = PBXBuildFile; fileRef = 2346E97019872A3C008B17E3 /* Distortion.swift */; };
		2346E97419872ADA008B17E3 /* Chorus.swift in Sources */ = {isa = PBXBuildFile; fileRef = 2346E97319872ADA008B17E3 /* Chorus.swift */; };
		2346E97519872ADA008B17E3 /* Chorus.swift in Sources */ = {isa = PBXBuildFile; fileRef = 2346E97319872ADA008B17E3 /* Chorus.swift */; };
		2346E97719872AF6008B17E3 /* Echo.swift in Sources */ = {isa = PBXBuildFile; fileRef = 2346E97619872AF6008B17E3 /* Echo.swift */; };
		2346E97819872AF6008B17E3 /* Echo.swift in Sources */ = {isa = PBXBuildFile; fileRef = 2346E97619872AF6008B17E3 /* Echo.swift */; };
		2368198A19872ED600CE40A6 /* DecoratorTests.swift in Sources */ = {isa = PBXBuildFile; fileRef = 2368198919872ED600CE40A6 /* DecoratorTests.swift */; };
/* End PBXBuildFile section */

/* Begin PBXContainerItemProxy section */
		2346E955198726CC008B17E3 /* PBXContainerItemProxy */ = {
			isa = PBXContainerItemProxy;
			containerPortal = 2346E93A198726CB008B17E3 /* Project object */;
			proxyType = 1;
			remoteGlobalIDString = 2346E941198726CB008B17E3;
			remoteInfo = SwiftDesignPatterns;
		};
/* End PBXContainerItemProxy section */

/* Begin PBXCopyFilesBuildPhase section */
		2346E99C19872BB3008B17E3 /* Embed Frameworks */ = {
			isa = PBXCopyFilesBuildPhase;
			buildActionMask = 2147483647;
			dstPath = "";
			dstSubfolderSpec = 10;
			files = (
			);
			name = "Embed Frameworks";
			runOnlyForDeploymentPostprocessing = 0;
		};
/* End PBXCopyFilesBuildPhase section */

/* Begin PBXFileReference section */
		2346E942198726CB008B17E3 /* SwiftDesignPatterns.app */ = {isa = PBXFileReference; explicitFileType = wrapper.application; includeInIndex = 0; path = SwiftDesignPatterns.app; sourceTree = BUILT_PRODUCTS_DIR; };
		2346E946198726CB008B17E3 /* Info.plist */ = {isa = PBXFileReference; lastKnownFileType = text.plist.xml; path = Info.plist; sourceTree = "<group>"; };
		2346E947198726CB008B17E3 /* AppDelegate.swift */ = {isa = PBXFileReference; lastKnownFileType = sourcecode.swift; path = AppDelegate.swift; sourceTree = "<group>"; };
		2346E949198726CB008B17E3 /* ViewController.swift */ = {isa = PBXFileReference; lastKnownFileType = sourcecode.swift; path = ViewController.swift; sourceTree = "<group>"; };
		2346E94C198726CB008B17E3 /* Base */ = {isa = PBXFileReference; lastKnownFileType = file.storyboard; name = Base; path = Base.lproj/Main.storyboard; sourceTree = "<group>"; };
		2346E94E198726CB008B17E3 /* Images.xcassets */ = {isa = PBXFileReference; lastKnownFileType = folder.assetcatalog; path = Images.xcassets; sourceTree = "<group>"; };
		2346E954198726CC008B17E3 /* SwiftDesignPatternsTests.xctest */ = {isa = PBXFileReference; explicitFileType = wrapper.cfbundle; includeInIndex = 0; path = SwiftDesignPatternsTests.xctest; sourceTree = BUILT_PRODUCTS_DIR; };
		2346E959198726CC008B17E3 /* Info.plist */ = {isa = PBXFileReference; lastKnownFileType = text.plist.xml; path = Info.plist; sourceTree = "<group>"; };
		2346E9641987277F008B17E3 /* Guitar.swift */ = {isa = PBXFileReference; fileEncoding = 4; lastKnownFileType = sourcecode.swift; path = Guitar.swift; sourceTree = "<group>"; };
		2346E9671987281D008B17E3 /* LesPaul.swift */ = {isa = PBXFileReference; fileEncoding = 4; lastKnownFileType = sourcecode.swift; path = LesPaul.swift; sourceTree = "<group>"; };
		2346E96A1987285B008B17E3 /* Stratocaster.swift */ = {isa = PBXFileReference; fileEncoding = 4; lastKnownFileType = sourcecode.swift; path = Stratocaster.swift; sourceTree = "<group>"; };
		2346E96D19872901008B17E3 /* GuitarDecorator.swift */ = {isa = PBXFileReference; fileEncoding = 4; lastKnownFileType = sourcecode.swift; path = GuitarDecorator.swift; sourceTree = "<group>"; };
		2346E97019872A3C008B17E3 /* Distortion.swift */ = {isa = PBXFileReference; fileEncoding = 4; lastKnownFileType = sourcecode.swift; path = Distortion.swift; sourceTree = "<group>"; };
		2346E97319872ADA008B17E3 /* Chorus.swift */ = {isa = PBXFileReference; fileEncoding = 4; lastKnownFileType = sourcecode.swift; path = Chorus.swift; sourceTree = "<group>"; };
		2346E97619872AF6008B17E3 /* Echo.swift */ = {isa = PBXFileReference; fileEncoding = 4; lastKnownFileType = sourcecode.swift; path = Echo.swift; sourceTree = "<group>"; };
		2368198919872ED600CE40A6 /* DecoratorTests.swift */ = {isa = PBXFileReference; fileEncoding = 4; lastKnownFileType = sourcecode.swift; path = DecoratorTests.swift; sourceTree = "<group>"; };
/* End PBXFileReference section */

/* Begin PBXFrameworksBuildPhase section */
		2346E93F198726CB008B17E3 /* Frameworks */ = {
			isa = PBXFrameworksBuildPhase;
			buildActionMask = 2147483647;
			files = (
			);
			runOnlyForDeploymentPostprocessing = 0;
		};
		2346E951198726CC008B17E3 /* Frameworks */ = {
			isa = PBXFrameworksBuildPhase;
			buildActionMask = 2147483647;
			files = (
			);
			runOnlyForDeploymentPostprocessing = 0;
		};
/* End PBXFrameworksBuildPhase section */

/* Begin PBXGroup section */
		2346E939198726CB008B17E3 = {
			isa = PBXGroup;
			children = (
				2346E944198726CB008B17E3 /* SwiftDesignPatterns */,
				2346E957198726CC008B17E3 /* SwiftDesignPatternsTests */,
				2346E943198726CB008B17E3 /* Products */,
			);
			sourceTree = "<group>";
		};
		2346E943198726CB008B17E3 /* Products */ = {
			isa = PBXGroup;
			children = (
				2346E942198726CB008B17E3 /* SwiftDesignPatterns.app */,
				2346E954198726CC008B17E3 /* SwiftDesignPatternsTests.xctest */,
			);
			name = Products;
			sourceTree = "<group>";
		};
		2346E944198726CB008B17E3 /* SwiftDesignPatterns */ = {
			isa = PBXGroup;
			children = (
				2346E947198726CB008B17E3 /* AppDelegate.swift */,
				2346E949198726CB008B17E3 /* ViewController.swift */,
				2346E94B198726CB008B17E3 /* Main.storyboard */,
				2346E94E198726CB008B17E3 /* Images.xcassets */,
				2346E945198726CB008B17E3 /* Supporting Files */,
				2346E97919872B75008B17E3 /* Decorator */,
			);
			path = SwiftDesignPatterns;
			sourceTree = "<group>";
		};
		2346E945198726CB008B17E3 /* Supporting Files */ = {
			isa = PBXGroup;
			children = (
				2346E946198726CB008B17E3 /* Info.plist */,
			);
			name = "Supporting Files";
			sourceTree = "<group>";
		};
		2346E957198726CC008B17E3 /* SwiftDesignPatternsTests */ = {
			isa = PBXGroup;
			children = (
				2368198919872ED600CE40A6 /* DecoratorTests.swift */,
				2346E958198726CC008B17E3 /* Supporting Files */,
			);
			path = SwiftDesignPatternsTests;
			sourceTree = "<group>";
		};
		2346E958198726CC008B17E3 /* Supporting Files */ = {
			isa = PBXGroup;
			children = (
				2346E959198726CC008B17E3 /* Info.plist */,
			);
			name = "Supporting Files";
			sourceTree = "<group>";
		};
		2346E97919872B75008B17E3 /* Decorator */ = {
			isa = PBXGroup;
			children = (
				2346E97A19872B86008B17E3 /* Decorators */,
				2346E9641987277F008B17E3 /* Guitar.swift */,
				2346E9671987281D008B17E3 /* LesPaul.swift */,
				2346E96A1987285B008B17E3 /* Stratocaster.swift */,
			);
			name = Decorator;
			sourceTree = "<group>";
		};
		2346E97A19872B86008B17E3 /* Decorators */ = {
			isa = PBXGroup;
			children = (
				2346E96D19872901008B17E3 /* GuitarDecorator.swift */,
				2346E97019872A3C008B17E3 /* Distortion.swift */,
				2346E97319872ADA008B17E3 /* Chorus.swift */,
				2346E97619872AF6008B17E3 /* Echo.swift */,
			);
			name = Decorators;
			sourceTree = "<group>";
		};
/* End PBXGroup section */

/* Begin PBXNativeTarget section */
		2346E941198726CB008B17E3 /* SwiftDesignPatterns */ = {
			isa = PBXNativeTarget;
			buildConfigurationList = 2346E95E198726CC008B17E3 /* Build configuration list for PBXNativeTarget "SwiftDesignPatterns" */;
			buildPhases = (
				2346E93E198726CB008B17E3 /* Sources */,
				2346E93F198726CB008B17E3 /* Frameworks */,
				2346E940198726CB008B17E3 /* Resources */,
				2346E99C19872BB3008B17E3 /* Embed Frameworks */,
			);
			buildRules = (
			);
			dependencies = (
			);
			name = SwiftDesignPatterns;
			productName = SwiftDesignPatterns;
			productReference = 2346E942198726CB008B17E3 /* SwiftDesignPatterns.app */;
			productType = "com.apple.product-type.application";
		};
		2346E953198726CC008B17E3 /* SwiftDesignPatternsTests */ = {
			isa = PBXNativeTarget;
			buildConfigurationList = 2346E961198726CC008B17E3 /* Build configuration list for PBXNativeTarget "SwiftDesignPatternsTests" */;
			buildPhases = (
				2346E950198726CC008B17E3 /* Sources */,
				2346E951198726CC008B17E3 /* Frameworks */,
				2346E952198726CC008B17E3 /* Resources */,
			);
			buildRules = (
			);
			dependencies = (
				2346E956198726CC008B17E3 /* PBXTargetDependency */,
			);
			name = SwiftDesignPatternsTests;
			productName = SwiftDesignPatternsTests;
			productReference = 2346E954198726CC008B17E3 /* SwiftDesignPatternsTests.xctest */;
			productType = "com.apple.product-type.bundle.unit-test";
		};
/* End PBXNativeTarget section */

/* Begin PBXProject section */
		2346E93A198726CB008B17E3 /* Project object */ = {
			isa = PBXProject;
			attributes = {
				LastUpgradeCheck = 0600;
				ORGANIZATIONNAME = "Andrew Obusek";
				TargetAttributes = {
					2346E941198726CB008B17E3 = {
						CreatedOnToolsVersion = 6.0;
					};
					2346E953198726CC008B17E3 = {
						CreatedOnToolsVersion = 6.0;
						TestTargetID = 2346E941198726CB008B17E3;
					};
				};
			};
			buildConfigurationList = 2346E93D198726CB008B17E3 /* Build configuration list for PBXProject "SwiftDesignPatterns" */;
			compatibilityVersion = "Xcode 3.2";
			developmentRegion = English;
			hasScannedForEncodings = 0;
			knownRegions = (
				en,
				Base,
			);
			mainGroup = 2346E939198726CB008B17E3;
			productRefGroup = 2346E943198726CB008B17E3 /* Products */;
			projectDirPath = "";
			projectRoot = "";
			targets = (
				2346E941198726CB008B17E3 /* SwiftDesignPatterns */,
				2346E953198726CC008B17E3 /* SwiftDesignPatternsTests */,
			);
		};
/* End PBXProject section */

/* Begin PBXResourcesBuildPhase section */
		2346E940198726CB008B17E3 /* Resources */ = {
			isa = PBXResourcesBuildPhase;
			buildActionMask = 2147483647;
			files = (
				2346E94D198726CB008B17E3 /* Main.storyboard in Resources */,
				2346E94F198726CB008B17E3 /* Images.xcassets in Resources */,
			);
			runOnlyForDeploymentPostprocessing = 0;
		};
		2346E952198726CC008B17E3 /* Resources */ = {
			isa = PBXResourcesBuildPhase;
			buildActionMask = 2147483647;
			files = (
			);
			runOnlyForDeploymentPostprocessing = 0;
		};
/* End PBXResourcesBuildPhase section */

/* Begin PBXSourcesBuildPhase section */
		2346E93E198726CB008B17E3 /* Sources */ = {
			isa = PBXSourcesBuildPhase;
			buildActionMask = 2147483647;
			files = (
				2346E9651987277F008B17E3 /* Guitar.swift in Sources */,
				2346E97119872A3C008B17E3 /* Distortion.swift in Sources */,
				2346E94A198726CB008B17E3 /* ViewController.swift in Sources */,
				2346E97719872AF6008B17E3 /* Echo.swift in Sources */,
				2346E97419872ADA008B17E3 /* Chorus.swift in Sources */,
				2346E9681987281D008B17E3 /* LesPaul.swift in Sources */,
				2346E948198726CB008B17E3 /* AppDelegate.swift in Sources */,
				2346E96B1987285B008B17E3 /* Stratocaster.swift in Sources */,
				2346E96E19872901008B17E3 /* GuitarDecorator.swift in Sources */,
			);
			runOnlyForDeploymentPostprocessing = 0;
		};
		2346E950198726CC008B17E3 /* Sources */ = {
			isa = PBXSourcesBuildPhase;
			buildActionMask = 2147483647;
			files = (
				2346E96C1987285B008B17E3 /* Stratocaster.swift in Sources */,
				2346E9691987281D008B17E3 /* LesPaul.swift in Sources */,
				2346E96F19872901008B17E3 /* GuitarDecorator.swift in Sources */,
				2346E97819872AF6008B17E3 /* Echo.swift in Sources */,
				2346E97219872A3C008B17E3 /* Distortion.swift in Sources */,
				2368198A19872ED600CE40A6 /* DecoratorTests.swift in Sources */,
				2346E9661987277F008B17E3 /* Guitar.swift in Sources */,
				2346E97519872ADA008B17E3 /* Chorus.swift in Sources */,
			);
			runOnlyForDeploymentPostprocessing = 0;
		};
/* End PBXSourcesBuildPhase section */

/* Begin PBXTargetDependency section */
		2346E956198726CC008B17E3 /* PBXTargetDependency */ = {
			isa = PBXTargetDependency;
			target = 2346E941198726CB008B17E3 /* SwiftDesignPatterns */;
			targetProxy = 2346E955198726CC008B17E3 /* PBXContainerItemProxy */;
		};
/* End PBXTargetDependency section */

/* Begin PBXVariantGroup section */
		2346E94B198726CB008B17E3 /* Main.storyboard */ = {
			isa = PBXVariantGroup;
			children = (
				2346E94C198726CB008B17E3 /* Base */,
			);
			name = Main.storyboard;
			sourceTree = "<group>";
		};
/* End PBXVariantGroup section */

/* Begin XCBuildConfiguration section */
		2346E95C198726CC008B17E3 /* Debug */ = {
			isa = XCBuildConfiguration;
			buildSettings = {
				ALWAYS_SEARCH_USER_PATHS = NO;
				CLANG_CXX_LANGUAGE_STANDARD = "gnu++0x";
				CLANG_CXX_LIBRARY = "libc++";
				CLANG_ENABLE_MODULES = YES;
				CLANG_ENABLE_OBJC_ARC = YES;
				CLANG_WARN_BOOL_CONVERSION = YES;
				CLANG_WARN_CONSTANT_CONVERSION = YES;
				CLANG_WARN_DIRECT_OBJC_ISA_USAGE = YES_ERROR;
				CLANG_WARN_EMPTY_BODY = YES;
				CLANG_WARN_ENUM_CONVERSION = YES;
				CLANG_WARN_INT_CONVERSION = YES;
				CLANG_WARN_OBJC_ROOT_CLASS = YES_ERROR;
				CLANG_WARN_UNREACHABLE_CODE = YES;
				CLANG_WARN__DUPLICATE_METHOD_MATCH = YES;
				"CODE_SIGN_IDENTITY[sdk=iphoneos*]" = "iPhone Developer";
				COPY_PHASE_STRIP = NO;
				ENABLE_STRICT_OBJC_MSGSEND = YES;
				GCC_C_LANGUAGE_STANDARD = gnu99;
				GCC_DYNAMIC_NO_PIC = NO;
				GCC_OPTIMIZATION_LEVEL = 0;
				GCC_PREPROCESSOR_DEFINITIONS = (
					"DEBUG=1",
					"$(inherited)",
				);
				GCC_SYMBOLS_PRIVATE_EXTERN = NO;
				GCC_WARN_64_TO_32_BIT_CONVERSION = YES;
				GCC_WARN_ABOUT_RETURN_TYPE = YES_ERROR;
				GCC_WARN_UNDECLARED_SELECTOR = YES;
				GCC_WARN_UNINITIALIZED_AUTOS = YES_AGGRESSIVE;
				GCC_WARN_UNUSED_FUNCTION = YES;
				GCC_WARN_UNUSED_VARIABLE = YES;
				IPHONEOS_DEPLOYMENT_TARGET = 8.0;
				MTL_ENABLE_DEBUG_INFO = YES;
				ONLY_ACTIVE_ARCH = YES;
				SDKROOT = iphoneos;
				SWIFT_OPTIMIZATION_LEVEL = "-Onone";
				TARGETED_DEVICE_FAMILY = "1,2";
			};
			name = Debug;
		};
		2346E95D198726CC008B17E3 /* Release */ = {
			isa = XCBuildConfiguration;
			buildSettings = {
				ALWAYS_SEARCH_USER_PATHS = NO;
				CLANG_CXX_LANGUAGE_STANDARD = "gnu++0x";
				CLANG_CXX_LIBRARY = "libc++";
				CLANG_ENABLE_MODULES = YES;
				CLANG_ENABLE_OBJC_ARC = YES;
				CLANG_WARN_BOOL_CONVERSION = YES;
				CLANG_WARN_CONSTANT_CONVERSION = YES;
				CLANG_WARN_DIRECT_OBJC_ISA_USAGE = YES_ERROR;
				CLANG_WARN_EMPTY_BODY = YES;
				CLANG_WARN_ENUM_CONVERSION = YES;
				CLANG_WARN_INT_CONVERSION = YES;
				CLANG_WARN_OBJC_ROOT_CLASS = YES_ERROR;
				CLANG_WARN_UNREACHABLE_CODE = YES;
				CLANG_WARN__DUPLICATE_METHOD_MATCH = YES;
				"CODE_SIGN_IDENTITY[sdk=iphoneos*]" = "iPhone Developer";
				COPY_PHASE_STRIP = YES;
				ENABLE_NS_ASSERTIONS = NO;
				ENABLE_STRICT_OBJC_MSGSEND = YES;
				GCC_C_LANGUAGE_STANDARD = gnu99;
				GCC_WARN_64_TO_32_BIT_CONVERSION = YES;
				GCC_WARN_ABOUT_RETURN_TYPE = YES_ERROR;
				GCC_WARN_UNDECLARED_SELECTOR = YES;
				GCC_WARN_UNINITIALIZED_AUTOS = YES_AGGRESSIVE;
				GCC_WARN_UNUSED_FUNCTION = YES;
				GCC_WARN_UNUSED_VARIABLE = YES;
				IPHONEOS_DEPLOYMENT_TARGET = 8.0;
				MTL_ENABLE_DEBUG_INFO = NO;
				SDKROOT = iphoneos;
				TARGETED_DEVICE_FAMILY = "1,2";
				VALIDATE_PRODUCT = YES;
			};
			name = Release;
		};
		2346E95F198726CC008B17E3 /* Debug */ = {
			isa = XCBuildConfiguration;
			buildSettings = {
				ASSETCATALOG_COMPILER_APPICON_NAME = AppIcon;
				ASSETCATALOG_COMPILER_LAUNCHIMAGE_NAME = LaunchImage;
				INFOPLIST_FILE = SwiftDesignPatterns/Info.plist;
				LD_RUNPATH_SEARCH_PATHS = "$(inherited) @executable_path/Frameworks";
				PRODUCT_NAME = "$(TARGET_NAME)";
			};
			name = Debug;
		};
		2346E960198726CC008B17E3 /* Release */ = {
			isa = XCBuildConfiguration;
			buildSettings = {
				ASSETCATALOG_COMPILER_APPICON_NAME = AppIcon;
				ASSETCATALOG_COMPILER_LAUNCHIMAGE_NAME = LaunchImage;
				INFOPLIST_FILE = SwiftDesignPatterns/Info.plist;
				LD_RUNPATH_SEARCH_PATHS = "$(inherited) @executable_path/Frameworks";
				PRODUCT_NAME = "$(TARGET_NAME)";
			};
			name = Release;
		};
		2346E962198726CC008B17E3 /* Debug */ = {
			isa = XCBuildConfiguration;
			buildSettings = {
				BUNDLE_LOADER = "$(BUILT_PRODUCTS_DIR)/SwiftDesignPatterns.app/SwiftDesignPatterns";
				FRAMEWORK_SEARCH_PATHS = (
					"$(SDKROOT)/Developer/Library/Frameworks",
					"$(inherited)",
				);
				GCC_PREPROCESSOR_DEFINITIONS = (
					"DEBUG=1",
					"$(inherited)",
				);
				INFOPLIST_FILE = SwiftDesignPatternsTests/Info.plist;
				LD_RUNPATH_SEARCH_PATHS = "$(inherited) @executable_path/Frameworks @loader_path/Frameworks";
				PRODUCT_NAME = "$(TARGET_NAME)";
				TEST_HOST = "$(BUNDLE_LOADER)";
			};
			name = Debug;
		};
		2346E963198726CC008B17E3 /* Release */ = {
			isa = XCBuildConfiguration;
			buildSettings = {
				BUNDLE_LOADER = "$(BUILT_PRODUCTS_DIR)/SwiftDesignPatterns.app/SwiftDesignPatterns";
				FRAMEWORK_SEARCH_PATHS = (
					"$(SDKROOT)/Developer/Library/Frameworks",
					"$(inherited)",
				);
				INFOPLIST_FILE = SwiftDesignPatternsTests/Info.plist;
				LD_RUNPATH_SEARCH_PATHS = "$(inherited) @executable_path/Frameworks @loader_path/Frameworks";
				PRODUCT_NAME = "$(TARGET_NAME)";
				TEST_HOST = "$(BUNDLE_LOADER)";
			};
			name = Release;
		};
/* End XCBuildConfiguration section */

/* Begin XCConfigurationList section */
		2346E93D198726CB008B17E3 /* Build configuration list for PBXProject "SwiftDesignPatterns" */ = {
			isa = XCConfigurationList;
			buildConfigurations = (
				2346E95C198726CC008B17E3 /* Debug */,
				2346E95D198726CC008B17E3 /* Release */,
			);
			defaultConfigurationIsVisible = 0;
			defaultConfigurationName = Release;
		};
		2346E95E198726CC008B17E3 /* Build configuration list for PBXNativeTarget "SwiftDesignPatterns" */ = {
			isa = XCConfigurationList;
			buildConfigurations = (
				2346E95F198726CC008B17E3 /* Debug */,
				2346E960198726CC008B17E3 /* Release */,
			);
			defaultConfigurationIsVisible = 0;
			defaultConfigurationName = Release;
		};
		2346E961198726CC008B17E3 /* Build configuration list for PBXNativeTarget "SwiftDesignPatternsTests" */ = {
			isa = XCConfigurationList;
			buildConfigurations = (
				2346E962198726CC008B17E3 /* Debug */,
				2346E963198726CC008B17E3 /* Release */,
			);
			defaultConfigurationIsVisible = 0;
			defaultConfigurationName = Release;
		};
/* End XCConfigurationList section */
	};
	rootObject = 2346E93A198726CB008B17E3 /* Project object */;
}
